// !$*UTF8*$!
{
	archiveVersion = 1;
	classes = {
	};
	objectVersion = 50;
	objects = {

/* Begin PBXBuildFile section */
		338F20F82691F1A1000CCE44 /* AppDelegate.swift in Sources */ = {isa = PBXBuildFile; fileRef = 338F20F72691F1A1000CCE44 /* AppDelegate.swift */; };
		338F20FA2691F1A1000CCE44 /* SceneDelegate.swift in Sources */ = {isa = PBXBuildFile; fileRef = 338F20F92691F1A1000CCE44 /* SceneDelegate.swift */; };
		338F20FC2691F1A1000CCE44 /* ViewController.swift in Sources */ = {isa = PBXBuildFile; fileRef = 338F20FB2691F1A1000CCE44 /* ViewController.swift */; };
		338F20FF2691F1A1000CCE44 /* Main.storyboard in Resources */ = {isa = PBXBuildFile; fileRef = 338F20FD2691F1A1000CCE44 /* Main.storyboard */; };
		338F21012691F1A2000CCE44 /* Assets.xcassets in Resources */ = {isa = PBXBuildFile; fileRef = 338F21002691F1A2000CCE44 /* Assets.xcassets */; };
		338F21042691F1A2000CCE44 /* LaunchScreen.storyboard in Resources */ = {isa = PBXBuildFile; fileRef = 338F21022691F1A2000CCE44 /* LaunchScreen.storyboard */; };
		338F211726920187000CCE44 /* Fireworks.jpg in Resources */ = {isa = PBXBuildFile; fileRef = 338F211126920187000CCE44 /* Fireworks.jpg */; };
		338F211826920187000CCE44 /* FastTyping.jpg in Resources */ = {isa = PBXBuildFile; fileRef = 338F211226920187000CCE44 /* FastTyping.jpg */; };
		338F211926920187000CCE44 /* Mountaineering.jpg in Resources */ = {isa = PBXBuildFile; fileRef = 338F211326920187000CCE44 /* Mountaineering.jpg */; };
		338F211A26920187000CCE44 /* FastTyping.mp4 in Resources */ = {isa = PBXBuildFile; fileRef = 338F211426920187000CCE44 /* FastTyping.mp4 */; };
		338F211B26920187000CCE44 /* Mountaineering.mov in Resources */ = {isa = PBXBuildFile; fileRef = 338F211526920187000CCE44 /* Mountaineering.mov */; };
		338F211C26920187000CCE44 /* Seascape.jpg in Resources */ = {isa = PBXBuildFile; fileRef = 338F211626920187000CCE44 /* Seascape.jpg */; };
/* End PBXBuildFile section */

/* Begin PBXFileReference section */
		338F20F42691F1A1000CCE44 /* 14_MoviePlayer.app */ = {isa = PBXFileReference; explicitFileType = wrapper.application; includeInIndex = 0; path = 14_MoviePlayer.app; sourceTree = BUILT_PRODUCTS_DIR; };
		338F20F72691F1A1000CCE44 /* AppDelegate.swift */ = {isa = PBXFileReference; lastKnownFileType = sourcecode.swift; path = AppDelegate.swift; sourceTree = "<group>"; };
		338F20F92691F1A1000CCE44 /* SceneDelegate.swift */ = {isa = PBXFileReference; lastKnownFileType = sourcecode.swift; path = SceneDelegate.swift; sourceTree = "<group>"; };
		338F20FB2691F1A1000CCE44 /* ViewController.swift */ = {isa = PBXFileReference; lastKnownFileType = sourcecode.swift; path = ViewController.swift; sourceTree = "<group>"; };
		338F20FE2691F1A1000CCE44 /* Base */ = {isa = PBXFileReference; lastKnownFileType = file.storyboard; name = Base; path = Base.lproj/Main.storyboard; sourceTree = "<group>"; };
		338F21002691F1A2000CCE44 /* Assets.xcassets */ = {isa = PBXFileReference; lastKnownFileType = folder.assetcatalog; path = Assets.xcassets; sourceTree = "<group>"; };
		338F21032691F1A2000CCE44 /* Base */ = {isa = PBXFileReference; lastKnownFileType = file.storyboard; name = Base; path = Base.lproj/LaunchScreen.storyboard; sourceTree = "<group>"; };
		338F21052691F1A2000CCE44 /* Info.plist */ = {isa = PBXFileReference; lastKnownFileType = text.plist.xml; path = Info.plist; sourceTree = "<group>"; };
		338F211126920187000CCE44 /* Fireworks.jpg */ = {isa = PBXFileReference; lastKnownFileType = image.jpeg; name = Fireworks.jpg; path = "../../../../example-master/14장/미션미디어/Fireworks.jpg"; sourceTree = "<group>"; };
		338F211226920187000CCE44 /* FastTyping.jpg */ = {isa = PBXFileReference; lastKnownFileType = image.jpeg; name = FastTyping.jpg; path = "../../../../example-master/14장/미션미디어/FastTyping.jpg"; sourceTree = "<group>"; };
		338F211326920187000CCE44 /* Mountaineering.jpg */ = {isa = PBXFileReference; lastKnownFileType = image.jpeg; path = Mountaineering.jpg; sourceTree = "<group>"; };
		338F211426920187000CCE44 /* FastTyping.mp4 */ = {isa = PBXFileReference; lastKnownFileType = file; name = FastTyping.mp4; path = "../../../../example-master/14장/미션미디어/FastTyping.mp4"; sourceTree = "<group>"; };
		338F211526920187000CCE44 /* Mountaineering.mov */ = {isa = PBXFileReference; lastKnownFileType = video.quicktime; path = Mountaineering.mov; sourceTree = "<group>"; };
		338F211626920187000CCE44 /* Seascape.jpg */ = {isa = PBXFileReference; lastKnownFileType = image.jpeg; path = Seascape.jpg; sourceTree = "<group>"; };
/* End PBXFileReference section */

/* Begin PBXFrameworksBuildPhase section */
		338F20F12691F1A1000CCE44 /* Frameworks */ = {
			isa = PBXFrameworksBuildPhase;
			buildActionMask = 2147483647;
			files = (
			);
			runOnlyForDeploymentPostprocessing = 0;
		};
/* End PBXFrameworksBuildPhase section */

/* Begin PBXGroup section */
		338F20EB2691F1A1000CCE44 = {
			isa = PBXGroup;
			children = (
				338F20F62691F1A1000CCE44 /* 14_MoviePlayer */,
				338F20F52691F1A1000CCE44 /* Products */,
			);
			sourceTree = "<group>";
		};
		338F20F52691F1A1000CCE44 /* Products */ = {
			isa = PBXGroup;
			children = (
				338F20F42691F1A1000CCE44 /* 14_MoviePlayer.app */,
			);
			name = Products;
			sourceTree = "<group>";
		};
		338F20F62691F1A1000CCE44 /* 14_MoviePlayer */ = {
			isa = PBXGroup;
			children = (
				338F211226920187000CCE44 /* FastTyping.jpg */,
				338F211426920187000CCE44 /* FastTyping.mp4 */,
				338F211126920187000CCE44 /* Fireworks.jpg */,
				338F211326920187000CCE44 /* Mountaineering.jpg */,
				338F211526920187000CCE44 /* Mountaineering.mov */,
				338F211626920187000CCE44 /* Seascape.jpg */,
				338F20F72691F1A1000CCE44 /* AppDelegate.swift */,
				338F20F92691F1A1000CCE44 /* SceneDelegate.swift */,
				338F20FB2691F1A1000CCE44 /* ViewController.swift */,
				338F20FD2691F1A1000CCE44 /* Main.storyboard */,
				338F21002691F1A2000CCE44 /* Assets.xcassets */,
				338F21022691F1A2000CCE44 /* LaunchScreen.storyboard */,
				338F21052691F1A2000CCE44 /* Info.plist */,
			);
			path = 14_MoviePlayer;
			sourceTree = "<group>";
		};
/* End PBXGroup section */

/* Begin PBXNativeTarget section */
		338F20F32691F1A1000CCE44 /* 14_MoviePlayer */ = {
			isa = PBXNativeTarget;
			buildConfigurationList = 338F21082691F1A2000CCE44 /* Build configuration list for PBXNativeTarget "14_MoviePlayer" */;
			buildPhases = (
				338F20F02691F1A1000CCE44 /* Sources */,
				338F20F12691F1A1000CCE44 /* Frameworks */,
				338F20F22691F1A1000CCE44 /* Resources */,
			);
			buildRules = (
			);
			dependencies = (
			);
			name = 14_MoviePlayer;
			productName = 14_MoviePlayer;
			productReference = 338F20F42691F1A1000CCE44 /* 14_MoviePlayer.app */;
			productType = "com.apple.product-type.application";
		};
/* End PBXNativeTarget section */

/* Begin PBXProject section */
		338F20EC2691F1A1000CCE44 /* Project object */ = {
			isa = PBXProject;
			attributes = {
				LastSwiftUpdateCheck = 1250;
				LastUpgradeCheck = 1250;
				TargetAttributes = {
					338F20F32691F1A1000CCE44 = {
						CreatedOnToolsVersion = 12.5.1;
					};
				};
			};
			buildConfigurationList = 338F20EF2691F1A1000CCE44 /* Build configuration list for PBXProject "14_MoviePlayer" */;
			compatibilityVersion = "Xcode 9.3";
			developmentRegion = en;
			hasScannedForEncodings = 0;
			knownRegions = (
				en,
				Base,
			);
			mainGroup = 338F20EB2691F1A1000CCE44;
			productRefGroup = 338F20F52691F1A1000CCE44 /* Products */;
			projectDirPath = "";
			projectRoot = "";
			targets = (
				338F20F32691F1A1000CCE44 /* 14_MoviePlayer */,
			);
		};
/* End PBXProject section */

/* Begin PBXResourcesBuildPhase section */
		338F20F22691F1A1000CCE44 /* Resources */ = {
			isa = PBXResourcesBuildPhase;
			buildActionMask = 2147483647;
			files = (
				338F211B26920187000CCE44 /* Mountaineering.mov in Resources */,
				338F21042691F1A2000CCE44 /* LaunchScreen.storyboard in Resources */,
				338F211A26920187000CCE44 /* FastTyping.mp4 in Resources */,
				338F21012691F1A2000CCE44 /* Assets.xcassets in Resources */,
				338F211926920187000CCE44 /* Mountaineering.jpg in Resources */,
				338F211726920187000CCE44 /* Fireworks.jpg in Resources */,
				338F211C26920187000CCE44 /* Seascape.jpg in Resources */,
				338F211826920187000CCE44 /* FastTyping.jpg in Resources */,
				338F20FF2691F1A1000CCE44 /* Main.storyboard in Resources */,
			);
			runOnlyForDeploymentPostprocessing = 0;
		};
/* End PBXResourcesBuildPhase section */

/* Begin PBXSourcesBuildPhase section */
		338F20F02691F1A1000CCE44 /* Sources */ = {
			isa = PBXSourcesBuildPhase;
			buildActionMask = 2147483647;
			files = (
				338F20FC2691F1A1000CCE44 /* ViewController.swift in Sources */,
				338F20F82691F1A1000CCE44 /* AppDelegate.swift in Sources */,
				338F20FA2691F1A1000CCE44 /* SceneDelegate.swift in Sources */,
			);
			runOnlyForDeploymentPostprocessing = 0;
		};
/* End PBXSourcesBuildPhase section */

/* Begin PBXVariantGroup section */
		338F20FD2691F1A1000CCE44 /* Main.storyboard */ = {
			isa = PBXVariantGroup;
			children = (
				338F20FE2691F1A1000CCE44 /* Base */,
			);
			name = Main.storyboard;
			sourceTree = "<group>";
		};
		338F21022691F1A2000CCE44 /* LaunchScreen.storyboard */ = {
			isa = PBXVariantGroup;
			children = (
				338F21032691F1A2000CCE44 /* Base */,
			);
			name = LaunchScreen.storyboard;
			sourceTree = "<group>";
		};
/* End PBXVariantGroup section */

/* Begin XCBuildConfiguration section */
		338F21062691F1A2000CCE44 /* Debug */ = {
			isa = XCBuildConfiguration;
			buildSettings = {
				ALWAYS_SEARCH_USER_PATHS = NO;
				CLANG_ANALYZER_NONNULL = YES;
				CLANG_ANALYZER_NUMBER_OBJECT_CONVERSION = YES_AGGRESSIVE;
				CLANG_CXX_LANGUAGE_STANDARD = "gnu++14";
				CLANG_CXX_LIBRARY = "libc++";
				CLANG_ENABLE_MODULES = YES;
				CLANG_ENABLE_OBJC_ARC = YES;
				CLANG_ENABLE_OBJC_WEAK = YES;
				CLANG_WARN_BLOCK_CAPTURE_AUTORELEASING = YES;
				CLANG_WARN_BOOL_CONVERSION = YES;
				CLANG_WARN_COMMA = YES;
				CLANG_WARN_CONSTANT_CONVERSION = YES;
				CLANG_WARN_DEPRECATED_OBJC_IMPLEMENTATIONS = YES;
				CLANG_WARN_DIRECT_OBJC_ISA_USAGE = YES_ERROR;
				CLANG_WARN_DOCUMENTATION_COMMENTS = YES;
				CLANG_WARN_EMPTY_BODY = YES;
				CLANG_WARN_ENUM_CONVERSION = YES;
				CLANG_WARN_INFINITE_RECURSION = YES;
				CLANG_WARN_INT_CONVERSION = YES;
				CLANG_WARN_NON_LITERAL_NULL_CONVERSION = YES;
				CLANG_WARN_OBJC_IMPLICIT_RETAIN_SELF = YES;
				CLANG_WARN_OBJC_LITERAL_CONVERSION = YES;
				CLANG_WARN_OBJC_ROOT_CLASS = YES_ERROR;
				CLANG_WARN_QUOTED_INCLUDE_IN_FRAMEWORK_HEADER = YES;
				CLANG_WARN_RANGE_LOOP_ANALYSIS = YES;
				CLANG_WARN_STRICT_PROTOTYPES = YES;
				CLANG_WARN_SUSPICIOUS_MOVE = YES;
				CLANG_WARN_UNGUARDED_AVAILABILITY = YES_AGGRESSIVE;
				CLANG_WARN_UNREACHABLE_CODE = YES;
				CLANG_WARN__DUPLICATE_METHOD_MATCH = YES;
				COPY_PHASE_STRIP = NO;
				DEBUG_INFORMATION_FORMAT = dwarf;
				ENABLE_STRICT_OBJC_MSGSEND = YES;
				ENABLE_TESTABILITY = YES;
				GCC_C_LANGUAGE_STANDARD = gnu11;
				GCC_DYNAMIC_NO_PIC = NO;
				GCC_NO_COMMON_BLOCKS = YES;
				GCC_OPTIMIZATION_LEVEL = 0;
				GCC_PREPROCESSOR_DEFINITIONS = (
					"DEBUG=1",
					"$(inherited)",
				);
				GCC_WARN_64_TO_32_BIT_CONVERSION = YES;
				GCC_WARN_ABOUT_RETURN_TYPE = YES_ERROR;
				GCC_WARN_UNDECLARED_SELECTOR = YES;
				GCC_WARN_UNINITIALIZED_AUTOS = YES_AGGRESSIVE;
				GCC_WARN_UNUSED_FUNCTION = YES;
				GCC_WARN_UNUSED_VARIABLE = YES;
				IPHONEOS_DEPLOYMENT_TARGET = 14.5;
				MTL_ENABLE_DEBUG_INFO = INCLUDE_SOURCE;
				MTL_FAST_MATH = YES;
				ONLY_ACTIVE_ARCH = YES;
				SDKROOT = iphoneos;
				SWIFT_ACTIVE_COMPILATION_CONDITIONS = DEBUG;
				SWIFT_OPTIMIZATION_LEVEL = "-Onone";
			};
			name = Debug;
		};
		338F21072691F1A2000CCE44 /* Release */ = {
			isa = XCBuildConfiguration;
			buildSettings = {
				ALWAYS_SEARCH_USER_PATHS = NO;
				CLANG_ANALYZER_NONNULL = YES;
				CLANG_ANALYZER_NUMBER_OBJECT_CONVERSION = YES_AGGRESSIVE;
				CLANG_CXX_LANGUAGE_STANDARD = "gnu++14";
				CLANG_CXX_LIBRARY = "libc++";
				CLANG_ENABLE_MODULES = YES;
				CLANG_ENABLE_OBJC_ARC = YES;
				CLANG_ENABLE_OBJC_WEAK = YES;
				CLANG_WARN_BLOCK_CAPTURE_AUTORELEASING = YES;
				CLANG_WARN_BOOL_CONVERSION = YES;
				CLANG_WARN_COMMA = YES;
				CLANG_WARN_CONSTANT_CONVERSION = YES;
				CLANG_WARN_DEPRECATED_OBJC_IMPLEMENTATIONS = YES;
				CLANG_WARN_DIRECT_OBJC_ISA_USAGE = YES_ERROR;
				CLANG_WARN_DOCUMENTATION_COMMENTS = YES;
				CLANG_WARN_EMPTY_BODY = YES;
				CLANG_WARN_ENUM_CONVERSION = YES;
				CLANG_WARN_INFINITE_RECURSION = YES;
				CLANG_WARN_INT_CONVERSION = YES;
				CLANG_WARN_NON_LITERAL_NULL_CONVERSION = YES;
				CLANG_WARN_OBJC_IMPLICIT_RETAIN_SELF = YES;
				CLANG_WARN_OBJC_LITERAL_CONVERSION = YES;
				CLANG_WARN_OBJC_ROOT_CLASS = YES_ERROR;
				CLANG_WARN_QUOTED_INCLUDE_IN_FRAMEWORK_HEADER = YES;
				CLANG_WARN_RANGE_LOOP_ANALYSIS = YES;
				CLANG_WARN_STRICT_PROTOTYPES = YES;
				CLANG_WARN_SUSPICIOUS_MOVE = YES;
				CLANG_WARN_UNGUARDED_AVAILABILITY = YES_AGGRESSIVE;
				CLANG_WARN_UNREACHABLE_CODE = YES;
				CLANG_WARN__DUPLICATE_METHOD_MATCH = YES;
				COPY_PHASE_STRIP = NO;
				DEBUG_INFORMATION_FORMAT = "dwarf-with-dsym";
				ENABLE_NS_ASSERTIONS = NO;
				ENABLE_STRICT_OBJC_MSGSEND = YES;
				GCC_C_LANGUAGE_STANDARD = gnu11;
				GCC_NO_COMMON_BLOCKS = YES;
				GCC_WARN_64_TO_32_BIT_CONVERSION = YES;
				GCC_WARN_ABOUT_RETURN_TYPE = YES_ERROR;
				GCC_WARN_UNDECLARED_SELECTOR = YES;
				GCC_WARN_UNINITIALIZED_AUTOS = YES_AGGRESSIVE;
				GCC_WARN_UNUSED_FUNCTION = YES;
				GCC_WARN_UNUSED_VARIABLE = YES;
				IPHONEOS_DEPLOYMENT_TARGET = 14.5;
				MTL_ENABLE_DEBUG_INFO = NO;
				MTL_FAST_MATH = YES;
				SDKROOT = iphoneos;
				SWIFT_COMPILATION_MODE = wholemodule;
				SWIFT_OPTIMIZATION_LEVEL = "-O";
				VALIDATE_PRODUCT = YES;
			};
			name = Release;
		};
		338F21092691F1A2000CCE44 /* Debug */ = {
			isa = XCBuildConfiguration;
			buildSettings = {
				ASSETCATALOG_COMPILER_APPICON_NAME = AppIcon;
				ASSETCATALOG_COMPILER_GLOBAL_ACCENT_COLOR_NAME = AccentColor;
				CODE_SIGN_STYLE = Automatic;
				DEVELOPMENT_TEAM = 529S3B4J44;
				INFOPLIST_FILE = 14_MoviePlayer/Info.plist;
				LD_RUNPATH_SEARCH_PATHS = (
					"$(inherited)",
					"@executable_path/Frameworks",
				);
				PRODUCT_BUNDLE_IDENTIFIER = "com.contea95.-4-MoviePlayer";
				PRODUCT_NAME = "$(TARGET_NAME)";
				SWIFT_VERSION = 5.0;
				TARGETED_DEVICE_FAMILY = "1,2";
			};
			name = Debug;
		};
		338F210A2691F1A2000CCE44 /* Release */ = {
			isa = XCBuildConfiguration;
			buildSettings = {
				ASSETCATALOG_COMPILER_APPICON_NAME = AppIcon;
				ASSETCATALOG_COMPILER_GLOBAL_ACCENT_COLOR_NAME = AccentColor;
				CODE_SIGN_STYLE = Automatic;
				DEVELOPMENT_TEAM = 529S3B4J44;
				INFOPLIST_FILE = 14_MoviePlayer/Info.plist;
				LD_RUNPATH_SEARCH_PATHS = (
					"$(inherited)",
					"@executable_path/Frameworks",
				);
				PRODUCT_BUNDLE_IDENTIFIER = "com.contea95.-4-MoviePlayer";
				PRODUCT_NAME = "$(TARGET_NAME)";
				SWIFT_VERSION = 5.0;
				TARGETED_DEVICE_FAMILY = "1,2";
			};
			name = Release;
		};
/* End XCBuildConfiguration section */

/* Begin XCConfigurationList section */
		338F20EF2691F1A1000CCE44 /* Build configuration list for PBXProject "14_MoviePlayer" */ = {
			isa = XCConfigurationList;
			buildConfigurations = (
				338F21062691F1A2000CCE44 /* Debug */,
				338F21072691F1A2000CCE44 /* Release */,
			);
			defaultConfigurationIsVisible = 0;
			defaultConfigurationName = Release;
		};
		338F21082691F1A2000CCE44 /* Build configuration list for PBXNativeTarget "14_MoviePlayer" */ = {
			isa = XCConfigurationList;
			buildConfigurations = (
				338F21092691F1A2000CCE44 /* Debug */,
				338F210A2691F1A2000CCE44 /* Release */,
			);
			defaultConfigurationIsVisible = 0;
			defaultConfigurationName = Release;
		};
/* End XCConfigurationList section */
	};
	rootObject = 338F20EC2691F1A1000CCE44 /* Project object */;
}
