// !$*UTF8*$!
{
	archiveVersion = 1;
	classes = {
	};
	objectVersion = 50;
	objects = {

/* Begin PBXBuildFile section */
		33FAF0A12694C83E0028B6CF /* AppDelegate.swift in Sources */ = {isa = PBXBuildFile; fileRef = 33FAF0A02694C83E0028B6CF /* AppDelegate.swift */; };
		33FAF0A32694C83E0028B6CF /* SceneDelegate.swift in Sources */ = {isa = PBXBuildFile; fileRef = 33FAF0A22694C83E0028B6CF /* SceneDelegate.swift */; };
		33FAF0A52694C83E0028B6CF /* ViewController.swift in Sources */ = {isa = PBXBuildFile; fileRef = 33FAF0A42694C83E0028B6CF /* ViewController.swift */; };
		33FAF0A82694C83E0028B6CF /* Main.storyboard in Resources */ = {isa = PBXBuildFile; fileRef = 33FAF0A62694C83E0028B6CF /* Main.storyboard */; };
		33FAF0AA2694C8410028B6CF /* Assets.xcassets in Resources */ = {isa = PBXBuildFile; fileRef = 33FAF0A92694C8410028B6CF /* Assets.xcassets */; };
		33FAF0AD2694C8410028B6CF /* LaunchScreen.storyboard in Resources */ = {isa = PBXBuildFile; fileRef = 33FAF0AB2694C8410028B6CF /* LaunchScreen.storyboard */; };
		33FAF0B52694C8860028B6CF /* img-06.png in Resources */ = {isa = PBXBuildFile; fileRef = 33FAF0B42694C8850028B6CF /* img-06.png */; };
/* End PBXBuildFile section */

/* Begin PBXFileReference section */
		33FAF09D2694C83E0028B6CF /* 19_PinchGestureImage.app */ = {isa = PBXFileReference; explicitFileType = wrapper.application; includeInIndex = 0; path = 19_PinchGestureImage.app; sourceTree = BUILT_PRODUCTS_DIR; };
		33FAF0A02694C83E0028B6CF /* AppDelegate.swift */ = {isa = PBXFileReference; lastKnownFileType = sourcecode.swift; path = AppDelegate.swift; sourceTree = "<group>"; };
		33FAF0A22694C83E0028B6CF /* SceneDelegate.swift */ = {isa = PBXFileReference; lastKnownFileType = sourcecode.swift; path = SceneDelegate.swift; sourceTree = "<group>"; };
		33FAF0A42694C83E0028B6CF /* ViewController.swift */ = {isa = PBXFileReference; lastKnownFileType = sourcecode.swift; path = ViewController.swift; sourceTree = "<group>"; };
		33FAF0A72694C83E0028B6CF /* Base */ = {isa = PBXFileReference; lastKnownFileType = file.storyboard; name = Base; path = Base.lproj/Main.storyboard; sourceTree = "<group>"; };
		33FAF0A92694C8410028B6CF /* Assets.xcassets */ = {isa = PBXFileReference; lastKnownFileType = folder.assetcatalog; path = Assets.xcassets; sourceTree = "<group>"; };
		33FAF0AC2694C8410028B6CF /* Base */ = {isa = PBXFileReference; lastKnownFileType = file.storyboard; name = Base; path = Base.lproj/LaunchScreen.storyboard; sourceTree = "<group>"; };
		33FAF0AE2694C8410028B6CF /* Info.plist */ = {isa = PBXFileReference; lastKnownFileType = text.plist.xml; path = Info.plist; sourceTree = "<group>"; };
		33FAF0B42694C8850028B6CF /* img-06.png */ = {isa = PBXFileReference; lastKnownFileType = image.png; path = "img-06.png"; sourceTree = "<group>"; };
/* End PBXFileReference section */

/* Begin PBXFrameworksBuildPhase section */
		33FAF09A2694C83E0028B6CF /* Frameworks */ = {
			isa = PBXFrameworksBuildPhase;
			buildActionMask = 2147483647;
			files = (
			);
			runOnlyForDeploymentPostprocessing = 0;
		};
/* End PBXFrameworksBuildPhase section */

/* Begin PBXGroup section */
		33FAF0942694C83E0028B6CF = {
			isa = PBXGroup;
			children = (
				33FAF09F2694C83E0028B6CF /* 19_PinchGestureImage */,
				33FAF09E2694C83E0028B6CF /* Products */,
			);
			sourceTree = "<group>";
		};
		33FAF09E2694C83E0028B6CF /* Products */ = {
			isa = PBXGroup;
			children = (
				33FAF09D2694C83E0028B6CF /* 19_PinchGestureImage.app */,
			);
			name = Products;
			sourceTree = "<group>";
		};
		33FAF09F2694C83E0028B6CF /* 19_PinchGestureImage */ = {
			isa = PBXGroup;
			children = (
				33FAF0B42694C8850028B6CF /* img-06.png */,
				33FAF0A02694C83E0028B6CF /* AppDelegate.swift */,
				33FAF0A22694C83E0028B6CF /* SceneDelegate.swift */,
				33FAF0A42694C83E0028B6CF /* ViewController.swift */,
				33FAF0A62694C83E0028B6CF /* Main.storyboard */,
				33FAF0A92694C8410028B6CF /* Assets.xcassets */,
				33FAF0AB2694C8410028B6CF /* LaunchScreen.storyboard */,
				33FAF0AE2694C8410028B6CF /* Info.plist */,
			);
			path = 19_PinchGestureImage;
			sourceTree = "<group>";
		};
/* End PBXGroup section */

/* Begin PBXNativeTarget section */
		33FAF09C2694C83E0028B6CF /* 19_PinchGestureImage */ = {
			isa = PBXNativeTarget;
			buildConfigurationList = 33FAF0B12694C8410028B6CF /* Build configuration list for PBXNativeTarget "19_PinchGestureImage" */;
			buildPhases = (
				33FAF0992694C83E0028B6CF /* Sources */,
				33FAF09A2694C83E0028B6CF /* Frameworks */,
				33FAF09B2694C83E0028B6CF /* Resources */,
			);
			buildRules = (
			);
			dependencies = (
			);
			name = 19_PinchGestureImage;
			productName = 19_PinchGestureImage;
			productReference = 33FAF09D2694C83E0028B6CF /* 19_PinchGestureImage.app */;
			productType = "com.apple.product-type.application";
		};
/* End PBXNativeTarget section */

/* Begin PBXProject section */
		33FAF0952694C83E0028B6CF /* Project object */ = {
			isa = PBXProject;
			attributes = {
				LastSwiftUpdateCheck = 1250;
				LastUpgradeCheck = 1250;
				TargetAttributes = {
					33FAF09C2694C83E0028B6CF = {
						CreatedOnToolsVersion = 12.5.1;
					};
				};
			};
			buildConfigurationList = 33FAF0982694C83E0028B6CF /* Build configuration list for PBXProject "19_PinchGestureImage" */;
			compatibilityVersion = "Xcode 9.3";
			developmentRegion = en;
			hasScannedForEncodings = 0;
			knownRegions = (
				en,
				Base,
			);
			mainGroup = 33FAF0942694C83E0028B6CF;
			productRefGroup = 33FAF09E2694C83E0028B6CF /* Products */;
			projectDirPath = "";
			projectRoot = "";
			targets = (
				33FAF09C2694C83E0028B6CF /* 19_PinchGestureImage */,
			);
		};
/* End PBXProject section */

/* Begin PBXResourcesBuildPhase section */
		33FAF09B2694C83E0028B6CF /* Resources */ = {
			isa = PBXResourcesBuildPhase;
			buildActionMask = 2147483647;
			files = (
				33FAF0AD2694C8410028B6CF /* LaunchScreen.storyboard in Resources */,
				33FAF0B52694C8860028B6CF /* img-06.png in Resources */,
				33FAF0AA2694C8410028B6CF /* Assets.xcassets in Resources */,
				33FAF0A82694C83E0028B6CF /* Main.storyboard in Resources */,
			);
			runOnlyForDeploymentPostprocessing = 0;
		};
/* End PBXResourcesBuildPhase section */

/* Begin PBXSourcesBuildPhase section */
		33FAF0992694C83E0028B6CF /* Sources */ = {
			isa = PBXSourcesBuildPhase;
			buildActionMask = 2147483647;
			files = (
				33FAF0A52694C83E0028B6CF /* ViewController.swift in Sources */,
				33FAF0A12694C83E0028B6CF /* AppDelegate.swift in Sources */,
				33FAF0A32694C83E0028B6CF /* SceneDelegate.swift in Sources */,
			);
			runOnlyForDeploymentPostprocessing = 0;
		};
/* End PBXSourcesBuildPhase section */

/* Begin PBXVariantGroup section */
		33FAF0A62694C83E0028B6CF /* Main.storyboard */ = {
			isa = PBXVariantGroup;
			children = (
				33FAF0A72694C83E0028B6CF /* Base */,
			);
			name = Main.storyboard;
			sourceTree = "<group>";
		};
		33FAF0AB2694C8410028B6CF /* LaunchScreen.storyboard */ = {
			isa = PBXVariantGroup;
			children = (
				33FAF0AC2694C8410028B6CF /* Base */,
			);
			name = LaunchScreen.storyboard;
			sourceTree = "<group>";
		};
/* End PBXVariantGroup section */

/* Begin XCBuildConfiguration section */
		33FAF0AF2694C8410028B6CF /* Debug */ = {
			isa = XCBuildConfiguration;
			buildSettings = {
				ALWAYS_SEARCH_USER_PATHS = NO;
				CLANG_ANALYZER_NONNULL = YES;
				CLANG_ANALYZER_NUMBER_OBJECT_CONVERSION = YES_AGGRESSIVE;
				CLANG_CXX_LANGUAGE_STANDARD = "gnu++14";
				CLANG_CXX_LIBRARY = "libc++";
				CLANG_ENABLE_MODULES = YES;
				CLANG_ENABLE_OBJC_ARC = YES;
				CLANG_ENABLE_OBJC_WEAK = YES;
				CLANG_WARN_BLOCK_CAPTURE_AUTORELEASING = YES;
				CLANG_WARN_BOOL_CONVERSION = YES;
				CLANG_WARN_COMMA = YES;
				CLANG_WARN_CONSTANT_CONVERSION = YES;
				CLANG_WARN_DEPRECATED_OBJC_IMPLEMENTATIONS = YES;
				CLANG_WARN_DIRECT_OBJC_ISA_USAGE = YES_ERROR;
				CLANG_WARN_DOCUMENTATION_COMMENTS = YES;
				CLANG_WARN_EMPTY_BODY = YES;
				CLANG_WARN_ENUM_CONVERSION = YES;
				CLANG_WARN_INFINITE_RECURSION = YES;
				CLANG_WARN_INT_CONVERSION = YES;
				CLANG_WARN_NON_LITERAL_NULL_CONVERSION = YES;
				CLANG_WARN_OBJC_IMPLICIT_RETAIN_SELF = YES;
				CLANG_WARN_OBJC_LITERAL_CONVERSION = YES;
				CLANG_WARN_OBJC_ROOT_CLASS = YES_ERROR;
				CLANG_WARN_QUOTED_INCLUDE_IN_FRAMEWORK_HEADER = YES;
				CLANG_WARN_RANGE_LOOP_ANALYSIS = YES;
				CLANG_WARN_STRICT_PROTOTYPES = YES;
				CLANG_WARN_SUSPICIOUS_MOVE = YES;
				CLANG_WARN_UNGUARDED_AVAILABILITY = YES_AGGRESSIVE;
				CLANG_WARN_UNREACHABLE_CODE = YES;
				CLANG_WARN__DUPLICATE_METHOD_MATCH = YES;
				COPY_PHASE_STRIP = NO;
				DEBUG_INFORMATION_FORMAT = dwarf;
				ENABLE_STRICT_OBJC_MSGSEND = YES;
				ENABLE_TESTABILITY = YES;
				GCC_C_LANGUAGE_STANDARD = gnu11;
				GCC_DYNAMIC_NO_PIC = NO;
				GCC_NO_COMMON_BLOCKS = YES;
				GCC_OPTIMIZATION_LEVEL = 0;
				GCC_PREPROCESSOR_DEFINITIONS = (
					"DEBUG=1",
					"$(inherited)",
				);
				GCC_WARN_64_TO_32_BIT_CONVERSION = YES;
				GCC_WARN_ABOUT_RETURN_TYPE = YES_ERROR;
				GCC_WARN_UNDECLARED_SELECTOR = YES;
				GCC_WARN_UNINITIALIZED_AUTOS = YES_AGGRESSIVE;
				GCC_WARN_UNUSED_FUNCTION = YES;
				GCC_WARN_UNUSED_VARIABLE = YES;
				IPHONEOS_DEPLOYMENT_TARGET = 14.5;
				MTL_ENABLE_DEBUG_INFO = INCLUDE_SOURCE;
				MTL_FAST_MATH = YES;
				ONLY_ACTIVE_ARCH = YES;
				SDKROOT = iphoneos;
				SWIFT_ACTIVE_COMPILATION_CONDITIONS = DEBUG;
				SWIFT_OPTIMIZATION_LEVEL = "-Onone";
			};
			name = Debug;
		};
		33FAF0B02694C8410028B6CF /* Release */ = {
			isa = XCBuildConfiguration;
			buildSettings = {
				ALWAYS_SEARCH_USER_PATHS = NO;
				CLANG_ANALYZER_NONNULL = YES;
				CLANG_ANALYZER_NUMBER_OBJECT_CONVERSION = YES_AGGRESSIVE;
				CLANG_CXX_LANGUAGE_STANDARD = "gnu++14";
				CLANG_CXX_LIBRARY = "libc++";
				CLANG_ENABLE_MODULES = YES;
				CLANG_ENABLE_OBJC_ARC = YES;
				CLANG_ENABLE_OBJC_WEAK = YES;
				CLANG_WARN_BLOCK_CAPTURE_AUTORELEASING = YES;
				CLANG_WARN_BOOL_CONVERSION = YES;
				CLANG_WARN_COMMA = YES;
				CLANG_WARN_CONSTANT_CONVERSION = YES;
				CLANG_WARN_DEPRECATED_OBJC_IMPLEMENTATIONS = YES;
				CLANG_WARN_DIRECT_OBJC_ISA_USAGE = YES_ERROR;
				CLANG_WARN_DOCUMENTATION_COMMENTS = YES;
				CLANG_WARN_EMPTY_BODY = YES;
				CLANG_WARN_ENUM_CONVERSION = YES;
				CLANG_WARN_INFINITE_RECURSION = YES;
				CLANG_WARN_INT_CONVERSION = YES;
				CLANG_WARN_NON_LITERAL_NULL_CONVERSION = YES;
				CLANG_WARN_OBJC_IMPLICIT_RETAIN_SELF = YES;
				CLANG_WARN_OBJC_LITERAL_CONVERSION = YES;
				CLANG_WARN_OBJC_ROOT_CLASS = YES_ERROR;
				CLANG_WARN_QUOTED_INCLUDE_IN_FRAMEWORK_HEADER = YES;
				CLANG_WARN_RANGE_LOOP_ANALYSIS = YES;
				CLANG_WARN_STRICT_PROTOTYPES = YES;
				CLANG_WARN_SUSPICIOUS_MOVE = YES;
				CLANG_WARN_UNGUARDED_AVAILABILITY = YES_AGGRESSIVE;
				CLANG_WARN_UNREACHABLE_CODE = YES;
				CLANG_WARN__DUPLICATE_METHOD_MATCH = YES;
				COPY_PHASE_STRIP = NO;
				DEBUG_INFORMATION_FORMAT = "dwarf-with-dsym";
				ENABLE_NS_ASSERTIONS = NO;
				ENABLE_STRICT_OBJC_MSGSEND = YES;
				GCC_C_LANGUAGE_STANDARD = gnu11;
				GCC_NO_COMMON_BLOCKS = YES;
				GCC_WARN_64_TO_32_BIT_CONVERSION = YES;
				GCC_WARN_ABOUT_RETURN_TYPE = YES_ERROR;
				GCC_WARN_UNDECLARED_SELECTOR = YES;
				GCC_WARN_UNINITIALIZED_AUTOS = YES_AGGRESSIVE;
				GCC_WARN_UNUSED_FUNCTION = YES;
				GCC_WARN_UNUSED_VARIABLE = YES;
				IPHONEOS_DEPLOYMENT_TARGET = 14.5;
				MTL_ENABLE_DEBUG_INFO = NO;
				MTL_FAST_MATH = YES;
				SDKROOT = iphoneos;
				SWIFT_COMPILATION_MODE = wholemodule;
				SWIFT_OPTIMIZATION_LEVEL = "-O";
				VALIDATE_PRODUCT = YES;
			};
			name = Release;
		};
		33FAF0B22694C8410028B6CF /* Debug */ = {
			isa = XCBuildConfiguration;
			buildSettings = {
				ASSETCATALOG_COMPILER_APPICON_NAME = AppIcon;
				ASSETCATALOG_COMPILER_GLOBAL_ACCENT_COLOR_NAME = AccentColor;
				CODE_SIGN_STYLE = Automatic;
				DEVELOPMENT_TEAM = 529S3B4J44;
				INFOPLIST_FILE = 19_PinchGestureImage/Info.plist;
				LD_RUNPATH_SEARCH_PATHS = (
					"$(inherited)",
					"@executable_path/Frameworks",
				);
				PRODUCT_BUNDLE_IDENTIFIER = "com.contea95.-9-PinchGestureImage";
				PRODUCT_NAME = "$(TARGET_NAME)";
				SWIFT_VERSION = 5.0;
				TARGETED_DEVICE_FAMILY = "1,2";
			};
			name = Debug;
		};
		33FAF0B32694C8410028B6CF /* Release */ = {
			isa = XCBuildConfiguration;
			buildSettings = {
				ASSETCATALOG_COMPILER_APPICON_NAME = AppIcon;
				ASSETCATALOG_COMPILER_GLOBAL_ACCENT_COLOR_NAME = AccentColor;
				CODE_SIGN_STYLE = Automatic;
				DEVELOPMENT_TEAM = 529S3B4J44;
				INFOPLIST_FILE = 19_PinchGestureImage/Info.plist;
				LD_RUNPATH_SEARCH_PATHS = (
					"$(inherited)",
					"@executable_path/Frameworks",
				);
				PRODUCT_BUNDLE_IDENTIFIER = "com.contea95.-9-PinchGestureImage";
				PRODUCT_NAME = "$(TARGET_NAME)";
				SWIFT_VERSION = 5.0;
				TARGETED_DEVICE_FAMILY = "1,2";
			};
			name = Release;
		};
/* End XCBuildConfiguration section */

/* Begin XCConfigurationList section */
		33FAF0982694C83E0028B6CF /* Build configuration list for PBXProject "19_PinchGestureImage" */ = {
			isa = XCConfigurationList;
			buildConfigurations = (
				33FAF0AF2694C8410028B6CF /* Debug */,
				33FAF0B02694C8410028B6CF /* Release */,
			);
			defaultConfigurationIsVisible = 0;
			defaultConfigurationName = Release;
		};
		33FAF0B12694C8410028B6CF /* Build configuration list for PBXNativeTarget "19_PinchGestureImage" */ = {
			isa = XCConfigurationList;
			buildConfigurations = (
				33FAF0B22694C8410028B6CF /* Debug */,
				33FAF0B32694C8410028B6CF /* Release */,
			);
			defaultConfigurationIsVisible = 0;
			defaultConfigurationName = Release;
		};
/* End XCConfigurationList section */
	};
	rootObject = 33FAF0952694C83E0028B6CF /* Project object */;
}
