// !$*UTF8*$!
{
	archiveVersion = 1;
	classes = {
	};
	objectVersion = 50;
	objects = {

/* Begin PBXBuildFile section */
		333CA9BE268CD867006C9647 /* AppDelegate.swift in Sources */ = {isa = PBXBuildFile; fileRef = 333CA9BD268CD867006C9647 /* AppDelegate.swift */; };
		333CA9C0268CD867006C9647 /* SceneDelegate.swift in Sources */ = {isa = PBXBuildFile; fileRef = 333CA9BF268CD867006C9647 /* SceneDelegate.swift */; };
		333CA9C5268CD867006C9647 /* Main.storyboard in Resources */ = {isa = PBXBuildFile; fileRef = 333CA9C3268CD867006C9647 /* Main.storyboard */; };
		333CA9C7268CD868006C9647 /* Assets.xcassets in Resources */ = {isa = PBXBuildFile; fileRef = 333CA9C6268CD868006C9647 /* Assets.xcassets */; };
		333CA9CA268CD868006C9647 /* LaunchScreen.storyboard in Resources */ = {isa = PBXBuildFile; fileRef = 333CA9C8268CD868006C9647 /* LaunchScreen.storyboard */; };
		333CA9D2268CE324006C9647 /* TableViewController.swift in Sources */ = {isa = PBXBuildFile; fileRef = 333CA9D1268CE324006C9647 /* TableViewController.swift */; };
		333CA9D4268CE627006C9647 /* AddViewController.swift in Sources */ = {isa = PBXBuildFile; fileRef = 333CA9D3268CE627006C9647 /* AddViewController.swift */; };
		333CA9D6268CE637006C9647 /* DetailViewController.swift in Sources */ = {isa = PBXBuildFile; fileRef = 333CA9D5268CE637006C9647 /* DetailViewController.swift */; };
		333CA9DA268CE859006C9647 /* cart.png in Resources */ = {isa = PBXBuildFile; fileRef = 333CA9D7268CE859006C9647 /* cart.png */; };
		333CA9DB268CE859006C9647 /* clock.png in Resources */ = {isa = PBXBuildFile; fileRef = 333CA9D8268CE859006C9647 /* clock.png */; };
		333CA9DC268CE859006C9647 /* pencil.png in Resources */ = {isa = PBXBuildFile; fileRef = 333CA9D9268CE859006C9647 /* pencil.png */; };
/* End PBXBuildFile section */

/* Begin PBXFileReference section */
		333CA9BA268CD867006C9647 /* 12_Table.app */ = {isa = PBXFileReference; explicitFileType = wrapper.application; includeInIndex = 0; path = 12_Table.app; sourceTree = BUILT_PRODUCTS_DIR; };
		333CA9BD268CD867006C9647 /* AppDelegate.swift */ = {isa = PBXFileReference; lastKnownFileType = sourcecode.swift; path = AppDelegate.swift; sourceTree = "<group>"; };
		333CA9BF268CD867006C9647 /* SceneDelegate.swift */ = {isa = PBXFileReference; lastKnownFileType = sourcecode.swift; path = SceneDelegate.swift; sourceTree = "<group>"; };
		333CA9C4268CD867006C9647 /* Base */ = {isa = PBXFileReference; lastKnownFileType = file.storyboard; name = Base; path = Base.lproj/Main.storyboard; sourceTree = "<group>"; };
		333CA9C6268CD868006C9647 /* Assets.xcassets */ = {isa = PBXFileReference; lastKnownFileType = folder.assetcatalog; path = Assets.xcassets; sourceTree = "<group>"; };
		333CA9C9268CD868006C9647 /* Base */ = {isa = PBXFileReference; lastKnownFileType = file.storyboard; name = Base; path = Base.lproj/LaunchScreen.storyboard; sourceTree = "<group>"; };
		333CA9CB268CD868006C9647 /* Info.plist */ = {isa = PBXFileReference; lastKnownFileType = text.plist.xml; path = Info.plist; sourceTree = "<group>"; };
		333CA9D1268CE324006C9647 /* TableViewController.swift */ = {isa = PBXFileReference; lastKnownFileType = sourcecode.swift; path = TableViewController.swift; sourceTree = "<group>"; };
		333CA9D3268CE627006C9647 /* AddViewController.swift */ = {isa = PBXFileReference; lastKnownFileType = sourcecode.swift; path = AddViewController.swift; sourceTree = "<group>"; };
		333CA9D5268CE637006C9647 /* DetailViewController.swift */ = {isa = PBXFileReference; lastKnownFileType = sourcecode.swift; path = DetailViewController.swift; sourceTree = "<group>"; };
		333CA9D7268CE859006C9647 /* cart.png */ = {isa = PBXFileReference; lastKnownFileType = image.png; path = cart.png; sourceTree = "<group>"; };
		333CA9D8268CE859006C9647 /* clock.png */ = {isa = PBXFileReference; lastKnownFileType = image.png; path = clock.png; sourceTree = "<group>"; };
		333CA9D9268CE859006C9647 /* pencil.png */ = {isa = PBXFileReference; lastKnownFileType = image.png; path = pencil.png; sourceTree = "<group>"; };
/* End PBXFileReference section */

/* Begin PBXFrameworksBuildPhase section */
		333CA9B7268CD867006C9647 /* Frameworks */ = {
			isa = PBXFrameworksBuildPhase;
			buildActionMask = 2147483647;
			files = (
			);
			runOnlyForDeploymentPostprocessing = 0;
		};
/* End PBXFrameworksBuildPhase section */

/* Begin PBXGroup section */
		333CA9B1268CD867006C9647 = {
			isa = PBXGroup;
			children = (
				333CA9BC268CD867006C9647 /* 12_Table */,
				333CA9BB268CD867006C9647 /* Products */,
			);
			sourceTree = "<group>";
		};
		333CA9BB268CD867006C9647 /* Products */ = {
			isa = PBXGroup;
			children = (
				333CA9BA268CD867006C9647 /* 12_Table.app */,
			);
			name = Products;
			sourceTree = "<group>";
		};
		333CA9BC268CD867006C9647 /* 12_Table */ = {
			isa = PBXGroup;
			children = (
				333CA9D7268CE859006C9647 /* cart.png */,
				333CA9D8268CE859006C9647 /* clock.png */,
				333CA9D9268CE859006C9647 /* pencil.png */,
				333CA9BD268CD867006C9647 /* AppDelegate.swift */,
				333CA9D1268CE324006C9647 /* TableViewController.swift */,
				333CA9BF268CD867006C9647 /* SceneDelegate.swift */,
				333CA9D3268CE627006C9647 /* AddViewController.swift */,
				333CA9D5268CE637006C9647 /* DetailViewController.swift */,
				333CA9C3268CD867006C9647 /* Main.storyboard */,
				333CA9C6268CD868006C9647 /* Assets.xcassets */,
				333CA9C8268CD868006C9647 /* LaunchScreen.storyboard */,
				333CA9CB268CD868006C9647 /* Info.plist */,
			);
			path = 12_Table;
			sourceTree = "<group>";
		};
/* End PBXGroup section */

/* Begin PBXNativeTarget section */
		333CA9B9268CD867006C9647 /* 12_Table */ = {
			isa = PBXNativeTarget;
			buildConfigurationList = 333CA9CE268CD868006C9647 /* Build configuration list for PBXNativeTarget "12_Table" */;
			buildPhases = (
				333CA9B6268CD867006C9647 /* Sources */,
				333CA9B7268CD867006C9647 /* Frameworks */,
				333CA9B8268CD867006C9647 /* Resources */,
			);
			buildRules = (
			);
			dependencies = (
			);
			name = 12_Table;
			productName = 12_Table;
			productReference = 333CA9BA268CD867006C9647 /* 12_Table.app */;
			productType = "com.apple.product-type.application";
		};
/* End PBXNativeTarget section */

/* Begin PBXProject section */
		333CA9B2268CD867006C9647 /* Project object */ = {
			isa = PBXProject;
			attributes = {
				LastSwiftUpdateCheck = 1250;
				LastUpgradeCheck = 1250;
				TargetAttributes = {
					333CA9B9268CD867006C9647 = {
						CreatedOnToolsVersion = 12.5.1;
					};
				};
			};
			buildConfigurationList = 333CA9B5268CD867006C9647 /* Build configuration list for PBXProject "12_Table" */;
			compatibilityVersion = "Xcode 9.3";
			developmentRegion = en;
			hasScannedForEncodings = 0;
			knownRegions = (
				en,
				Base,
			);
			mainGroup = 333CA9B1268CD867006C9647;
			productRefGroup = 333CA9BB268CD867006C9647 /* Products */;
			projectDirPath = "";
			projectRoot = "";
			targets = (
				333CA9B9268CD867006C9647 /* 12_Table */,
			);
		};
/* End PBXProject section */

/* Begin PBXResourcesBuildPhase section */
		333CA9B8268CD867006C9647 /* Resources */ = {
			isa = PBXResourcesBuildPhase;
			buildActionMask = 2147483647;
			files = (
				333CA9DC268CE859006C9647 /* pencil.png in Resources */,
				333CA9CA268CD868006C9647 /* LaunchScreen.storyboard in Resources */,
				333CA9DB268CE859006C9647 /* clock.png in Resources */,
				333CA9DA268CE859006C9647 /* cart.png in Resources */,
				333CA9C7268CD868006C9647 /* Assets.xcassets in Resources */,
				333CA9C5268CD867006C9647 /* Main.storyboard in Resources */,
			);
			runOnlyForDeploymentPostprocessing = 0;
		};
/* End PBXResourcesBuildPhase section */

/* Begin PBXSourcesBuildPhase section */
		333CA9B6268CD867006C9647 /* Sources */ = {
			isa = PBXSourcesBuildPhase;
			buildActionMask = 2147483647;
			files = (
				333CA9BE268CD867006C9647 /* AppDelegate.swift in Sources */,
				333CA9D2268CE324006C9647 /* TableViewController.swift in Sources */,
				333CA9D6268CE637006C9647 /* DetailViewController.swift in Sources */,
				333CA9D4268CE627006C9647 /* AddViewController.swift in Sources */,
				333CA9C0268CD867006C9647 /* SceneDelegate.swift in Sources */,
			);
			runOnlyForDeploymentPostprocessing = 0;
		};
/* End PBXSourcesBuildPhase section */

/* Begin PBXVariantGroup section */
		333CA9C3268CD867006C9647 /* Main.storyboard */ = {
			isa = PBXVariantGroup;
			children = (
				333CA9C4268CD867006C9647 /* Base */,
			);
			name = Main.storyboard;
			sourceTree = "<group>";
		};
		333CA9C8268CD868006C9647 /* LaunchScreen.storyboard */ = {
			isa = PBXVariantGroup;
			children = (
				333CA9C9268CD868006C9647 /* Base */,
			);
			name = LaunchScreen.storyboard;
			sourceTree = "<group>";
		};
/* End PBXVariantGroup section */

/* Begin XCBuildConfiguration section */
		333CA9CC268CD868006C9647 /* Debug */ = {
			isa = XCBuildConfiguration;
			buildSettings = {
				ALWAYS_SEARCH_USER_PATHS = NO;
				CLANG_ANALYZER_NONNULL = YES;
				CLANG_ANALYZER_NUMBER_OBJECT_CONVERSION = YES_AGGRESSIVE;
				CLANG_CXX_LANGUAGE_STANDARD = "gnu++14";
				CLANG_CXX_LIBRARY = "libc++";
				CLANG_ENABLE_MODULES = YES;
				CLANG_ENABLE_OBJC_ARC = YES;
				CLANG_ENABLE_OBJC_WEAK = YES;
				CLANG_WARN_BLOCK_CAPTURE_AUTORELEASING = YES;
				CLANG_WARN_BOOL_CONVERSION = YES;
				CLANG_WARN_COMMA = YES;
				CLANG_WARN_CONSTANT_CONVERSION = YES;
				CLANG_WARN_DEPRECATED_OBJC_IMPLEMENTATIONS = YES;
				CLANG_WARN_DIRECT_OBJC_ISA_USAGE = YES_ERROR;
				CLANG_WARN_DOCUMENTATION_COMMENTS = YES;
				CLANG_WARN_EMPTY_BODY = YES;
				CLANG_WARN_ENUM_CONVERSION = YES;
				CLANG_WARN_INFINITE_RECURSION = YES;
				CLANG_WARN_INT_CONVERSION = YES;
				CLANG_WARN_NON_LITERAL_NULL_CONVERSION = YES;
				CLANG_WARN_OBJC_IMPLICIT_RETAIN_SELF = YES;
				CLANG_WARN_OBJC_LITERAL_CONVERSION = YES;
				CLANG_WARN_OBJC_ROOT_CLASS = YES_ERROR;
				CLANG_WARN_QUOTED_INCLUDE_IN_FRAMEWORK_HEADER = YES;
				CLANG_WARN_RANGE_LOOP_ANALYSIS = YES;
				CLANG_WARN_STRICT_PROTOTYPES = YES;
				CLANG_WARN_SUSPICIOUS_MOVE = YES;
				CLANG_WARN_UNGUARDED_AVAILABILITY = YES_AGGRESSIVE;
				CLANG_WARN_UNREACHABLE_CODE = YES;
				CLANG_WARN__DUPLICATE_METHOD_MATCH = YES;
				COPY_PHASE_STRIP = NO;
				DEBUG_INFORMATION_FORMAT = dwarf;
				ENABLE_STRICT_OBJC_MSGSEND = YES;
				ENABLE_TESTABILITY = YES;
				GCC_C_LANGUAGE_STANDARD = gnu11;
				GCC_DYNAMIC_NO_PIC = NO;
				GCC_NO_COMMON_BLOCKS = YES;
				GCC_OPTIMIZATION_LEVEL = 0;
				GCC_PREPROCESSOR_DEFINITIONS = (
					"DEBUG=1",
					"$(inherited)",
				);
				GCC_WARN_64_TO_32_BIT_CONVERSION = YES;
				GCC_WARN_ABOUT_RETURN_TYPE = YES_ERROR;
				GCC_WARN_UNDECLARED_SELECTOR = YES;
				GCC_WARN_UNINITIALIZED_AUTOS = YES_AGGRESSIVE;
				GCC_WARN_UNUSED_FUNCTION = YES;
				GCC_WARN_UNUSED_VARIABLE = YES;
				IPHONEOS_DEPLOYMENT_TARGET = 14.5;
				MTL_ENABLE_DEBUG_INFO = INCLUDE_SOURCE;
				MTL_FAST_MATH = YES;
				ONLY_ACTIVE_ARCH = YES;
				SDKROOT = iphoneos;
				SWIFT_ACTIVE_COMPILATION_CONDITIONS = DEBUG;
				SWIFT_OPTIMIZATION_LEVEL = "-Onone";
			};
			name = Debug;
		};
		333CA9CD268CD868006C9647 /* Release */ = {
			isa = XCBuildConfiguration;
			buildSettings = {
				ALWAYS_SEARCH_USER_PATHS = NO;
				CLANG_ANALYZER_NONNULL = YES;
				CLANG_ANALYZER_NUMBER_OBJECT_CONVERSION = YES_AGGRESSIVE;
				CLANG_CXX_LANGUAGE_STANDARD = "gnu++14";
				CLANG_CXX_LIBRARY = "libc++";
				CLANG_ENABLE_MODULES = YES;
				CLANG_ENABLE_OBJC_ARC = YES;
				CLANG_ENABLE_OBJC_WEAK = YES;
				CLANG_WARN_BLOCK_CAPTURE_AUTORELEASING = YES;
				CLANG_WARN_BOOL_CONVERSION = YES;
				CLANG_WARN_COMMA = YES;
				CLANG_WARN_CONSTANT_CONVERSION = YES;
				CLANG_WARN_DEPRECATED_OBJC_IMPLEMENTATIONS = YES;
				CLANG_WARN_DIRECT_OBJC_ISA_USAGE = YES_ERROR;
				CLANG_WARN_DOCUMENTATION_COMMENTS = YES;
				CLANG_WARN_EMPTY_BODY = YES;
				CLANG_WARN_ENUM_CONVERSION = YES;
				CLANG_WARN_INFINITE_RECURSION = YES;
				CLANG_WARN_INT_CONVERSION = YES;
				CLANG_WARN_NON_LITERAL_NULL_CONVERSION = YES;
				CLANG_WARN_OBJC_IMPLICIT_RETAIN_SELF = YES;
				CLANG_WARN_OBJC_LITERAL_CONVERSION = YES;
				CLANG_WARN_OBJC_ROOT_CLASS = YES_ERROR;
				CLANG_WARN_QUOTED_INCLUDE_IN_FRAMEWORK_HEADER = YES;
				CLANG_WARN_RANGE_LOOP_ANALYSIS = YES;
				CLANG_WARN_STRICT_PROTOTYPES = YES;
				CLANG_WARN_SUSPICIOUS_MOVE = YES;
				CLANG_WARN_UNGUARDED_AVAILABILITY = YES_AGGRESSIVE;
				CLANG_WARN_UNREACHABLE_CODE = YES;
				CLANG_WARN__DUPLICATE_METHOD_MATCH = YES;
				COPY_PHASE_STRIP = NO;
				DEBUG_INFORMATION_FORMAT = "dwarf-with-dsym";
				ENABLE_NS_ASSERTIONS = NO;
				ENABLE_STRICT_OBJC_MSGSEND = YES;
				GCC_C_LANGUAGE_STANDARD = gnu11;
				GCC_NO_COMMON_BLOCKS = YES;
				GCC_WARN_64_TO_32_BIT_CONVERSION = YES;
				GCC_WARN_ABOUT_RETURN_TYPE = YES_ERROR;
				GCC_WARN_UNDECLARED_SELECTOR = YES;
				GCC_WARN_UNINITIALIZED_AUTOS = YES_AGGRESSIVE;
				GCC_WARN_UNUSED_FUNCTION = YES;
				GCC_WARN_UNUSED_VARIABLE = YES;
				IPHONEOS_DEPLOYMENT_TARGET = 14.5;
				MTL_ENABLE_DEBUG_INFO = NO;
				MTL_FAST_MATH = YES;
				SDKROOT = iphoneos;
				SWIFT_COMPILATION_MODE = wholemodule;
				SWIFT_OPTIMIZATION_LEVEL = "-O";
				VALIDATE_PRODUCT = YES;
			};
			name = Release;
		};
		333CA9CF268CD868006C9647 /* Debug */ = {
			isa = XCBuildConfiguration;
			buildSettings = {
				ASSETCATALOG_COMPILER_APPICON_NAME = AppIcon;
				ASSETCATALOG_COMPILER_GLOBAL_ACCENT_COLOR_NAME = AccentColor;
				CODE_SIGN_STYLE = Automatic;
				DEVELOPMENT_TEAM = 529S3B4J44;
				INFOPLIST_FILE = 12_Table/Info.plist;
				LD_RUNPATH_SEARCH_PATHS = (
					"$(inherited)",
					"@executable_path/Frameworks",
				);
				PRODUCT_BUNDLE_IDENTIFIER = "com.contea95.-2-Table";
				PRODUCT_NAME = "$(TARGET_NAME)";
				SWIFT_VERSION = 5.0;
				TARGETED_DEVICE_FAMILY = "1,2";
			};
			name = Debug;
		};
		333CA9D0268CD868006C9647 /* Release */ = {
			isa = XCBuildConfiguration;
			buildSettings = {
				ASSETCATALOG_COMPILER_APPICON_NAME = AppIcon;
				ASSETCATALOG_COMPILER_GLOBAL_ACCENT_COLOR_NAME = AccentColor;
				CODE_SIGN_STYLE = Automatic;
				DEVELOPMENT_TEAM = 529S3B4J44;
				INFOPLIST_FILE = 12_Table/Info.plist;
				LD_RUNPATH_SEARCH_PATHS = (
					"$(inherited)",
					"@executable_path/Frameworks",
				);
				PRODUCT_BUNDLE_IDENTIFIER = "com.contea95.-2-Table";
				PRODUCT_NAME = "$(TARGET_NAME)";
				SWIFT_VERSION = 5.0;
				TARGETED_DEVICE_FAMILY = "1,2";
			};
			name = Release;
		};
/* End XCBuildConfiguration section */

/* Begin XCConfigurationList section */
		333CA9B5268CD867006C9647 /* Build configuration list for PBXProject "12_Table" */ = {
			isa = XCConfigurationList;
			buildConfigurations = (
				333CA9CC268CD868006C9647 /* Debug */,
				333CA9CD268CD868006C9647 /* Release */,
			);
			defaultConfigurationIsVisible = 0;
			defaultConfigurationName = Release;
		};
		333CA9CE268CD868006C9647 /* Build configuration list for PBXNativeTarget "12_Table" */ = {
			isa = XCConfigurationList;
			buildConfigurations = (
				333CA9CF268CD868006C9647 /* Debug */,
				333CA9D0268CD868006C9647 /* Release */,
			);
			defaultConfigurationIsVisible = 0;
			defaultConfigurationName = Release;
		};
/* End XCConfigurationList section */
	};
	rootObject = 333CA9B2268CD867006C9647 /* Project object */;
}
