// !$*UTF8*$!
{
	archiveVersion = 1;
	classes = {
	};
	objectVersion = 50;
	objects = {

/* Begin PBXBuildFile section */
		33FAEFAF2692F1DD0028B6CF /* AppDelegate.swift in Sources */ = {isa = PBXBuildFile; fileRef = 33FAEFAE2692F1DD0028B6CF /* AppDelegate.swift */; };
		33FAEFB12692F1DD0028B6CF /* SceneDelegate.swift in Sources */ = {isa = PBXBuildFile; fileRef = 33FAEFB02692F1DD0028B6CF /* SceneDelegate.swift */; };
		33FAEFB32692F1DD0028B6CF /* ViewController.swift in Sources */ = {isa = PBXBuildFile; fileRef = 33FAEFB22692F1DD0028B6CF /* ViewController.swift */; };
		33FAEFB62692F1DD0028B6CF /* Main.storyboard in Resources */ = {isa = PBXBuildFile; fileRef = 33FAEFB42692F1DD0028B6CF /* Main.storyboard */; };
		33FAEFB82692F1DF0028B6CF /* Assets.xcassets in Resources */ = {isa = PBXBuildFile; fileRef = 33FAEFB72692F1DF0028B6CF /* Assets.xcassets */; };
		33FAEFBB2692F1DF0028B6CF /* LaunchScreen.storyboard in Resources */ = {isa = PBXBuildFile; fileRef = 33FAEFB92692F1DF0028B6CF /* LaunchScreen.storyboard */; };
/* End PBXBuildFile section */

/* Begin PBXFileReference section */
		33FAEFAB2692F1DD0028B6CF /* 17_DrawGraphicsPractice.app */ = {isa = PBXFileReference; explicitFileType = wrapper.application; includeInIndex = 0; path = 17_DrawGraphicsPractice.app; sourceTree = BUILT_PRODUCTS_DIR; };
		33FAEFAE2692F1DD0028B6CF /* AppDelegate.swift */ = {isa = PBXFileReference; lastKnownFileType = sourcecode.swift; path = AppDelegate.swift; sourceTree = "<group>"; };
		33FAEFB02692F1DD0028B6CF /* SceneDelegate.swift */ = {isa = PBXFileReference; lastKnownFileType = sourcecode.swift; path = SceneDelegate.swift; sourceTree = "<group>"; };
		33FAEFB22692F1DD0028B6CF /* ViewController.swift */ = {isa = PBXFileReference; lastKnownFileType = sourcecode.swift; path = ViewController.swift; sourceTree = "<group>"; };
		33FAEFB52692F1DD0028B6CF /* Base */ = {isa = PBXFileReference; lastKnownFileType = file.storyboard; name = Base; path = Base.lproj/Main.storyboard; sourceTree = "<group>"; };
		33FAEFB72692F1DF0028B6CF /* Assets.xcassets */ = {isa = PBXFileReference; lastKnownFileType = folder.assetcatalog; path = Assets.xcassets; sourceTree = "<group>"; };
		33FAEFBA2692F1DF0028B6CF /* Base */ = {isa = PBXFileReference; lastKnownFileType = file.storyboard; name = Base; path = Base.lproj/LaunchScreen.storyboard; sourceTree = "<group>"; };
		33FAEFBC2692F1DF0028B6CF /* Info.plist */ = {isa = PBXFileReference; lastKnownFileType = text.plist.xml; path = Info.plist; sourceTree = "<group>"; };
/* End PBXFileReference section */

/* Begin PBXFrameworksBuildPhase section */
		33FAEFA82692F1DD0028B6CF /* Frameworks */ = {
			isa = PBXFrameworksBuildPhase;
			buildActionMask = 2147483647;
			files = (
			);
			runOnlyForDeploymentPostprocessing = 0;
		};
/* End PBXFrameworksBuildPhase section */

/* Begin PBXGroup section */
		33FAEFA22692F1DD0028B6CF = {
			isa = PBXGroup;
			children = (
				33FAEFAD2692F1DD0028B6CF /* 17_DrawGraphicsPractice */,
				33FAEFAC2692F1DD0028B6CF /* Products */,
			);
			sourceTree = "<group>";
		};
		33FAEFAC2692F1DD0028B6CF /* Products */ = {
			isa = PBXGroup;
			children = (
				33FAEFAB2692F1DD0028B6CF /* 17_DrawGraphicsPractice.app */,
			);
			name = Products;
			sourceTree = "<group>";
		};
		33FAEFAD2692F1DD0028B6CF /* 17_DrawGraphicsPractice */ = {
			isa = PBXGroup;
			children = (
				33FAEFAE2692F1DD0028B6CF /* AppDelegate.swift */,
				33FAEFB02692F1DD0028B6CF /* SceneDelegate.swift */,
				33FAEFB22692F1DD0028B6CF /* ViewController.swift */,
				33FAEFB42692F1DD0028B6CF /* Main.storyboard */,
				33FAEFB72692F1DF0028B6CF /* Assets.xcassets */,
				33FAEFB92692F1DF0028B6CF /* LaunchScreen.storyboard */,
				33FAEFBC2692F1DF0028B6CF /* Info.plist */,
			);
			path = 17_DrawGraphicsPractice;
			sourceTree = "<group>";
		};
/* End PBXGroup section */

/* Begin PBXNativeTarget section */
		33FAEFAA2692F1DD0028B6CF /* 17_DrawGraphicsPractice */ = {
			isa = PBXNativeTarget;
			buildConfigurationList = 33FAEFBF2692F1DF0028B6CF /* Build configuration list for PBXNativeTarget "17_DrawGraphicsPractice" */;
			buildPhases = (
				33FAEFA72692F1DD0028B6CF /* Sources */,
				33FAEFA82692F1DD0028B6CF /* Frameworks */,
				33FAEFA92692F1DD0028B6CF /* Resources */,
			);
			buildRules = (
			);
			dependencies = (
			);
			name = 17_DrawGraphicsPractice;
			productName = 17_DrawGraphicsPractice;
			productReference = 33FAEFAB2692F1DD0028B6CF /* 17_DrawGraphicsPractice.app */;
			productType = "com.apple.product-type.application";
		};
/* End PBXNativeTarget section */

/* Begin PBXProject section */
		33FAEFA32692F1DD0028B6CF /* Project object */ = {
			isa = PBXProject;
			attributes = {
				LastSwiftUpdateCheck = 1250;
				LastUpgradeCheck = 1250;
				TargetAttributes = {
					33FAEFAA2692F1DD0028B6CF = {
						CreatedOnToolsVersion = 12.5.1;
					};
				};
			};
			buildConfigurationList = 33FAEFA62692F1DD0028B6CF /* Build configuration list for PBXProject "17_DrawGraphicsPractice" */;
			compatibilityVersion = "Xcode 9.3";
			developmentRegion = en;
			hasScannedForEncodings = 0;
			knownRegions = (
				en,
				Base,
			);
			mainGroup = 33FAEFA22692F1DD0028B6CF;
			productRefGroup = 33FAEFAC2692F1DD0028B6CF /* Products */;
			projectDirPath = "";
			projectRoot = "";
			targets = (
				33FAEFAA2692F1DD0028B6CF /* 17_DrawGraphicsPractice */,
			);
		};
/* End PBXProject section */

/* Begin PBXResourcesBuildPhase section */
		33FAEFA92692F1DD0028B6CF /* Resources */ = {
			isa = PBXResourcesBuildPhase;
			buildActionMask = 2147483647;
			files = (
				33FAEFBB2692F1DF0028B6CF /* LaunchScreen.storyboard in Resources */,
				33FAEFB82692F1DF0028B6CF /* Assets.xcassets in Resources */,
				33FAEFB62692F1DD0028B6CF /* Main.storyboard in Resources */,
			);
			runOnlyForDeploymentPostprocessing = 0;
		};
/* End PBXResourcesBuildPhase section */

/* Begin PBXSourcesBuildPhase section */
		33FAEFA72692F1DD0028B6CF /* Sources */ = {
			isa = PBXSourcesBuildPhase;
			buildActionMask = 2147483647;
			files = (
				33FAEFB32692F1DD0028B6CF /* ViewController.swift in Sources */,
				33FAEFAF2692F1DD0028B6CF /* AppDelegate.swift in Sources */,
				33FAEFB12692F1DD0028B6CF /* SceneDelegate.swift in Sources */,
			);
			runOnlyForDeploymentPostprocessing = 0;
		};
/* End PBXSourcesBuildPhase section */

/* Begin PBXVariantGroup section */
		33FAEFB42692F1DD0028B6CF /* Main.storyboard */ = {
			isa = PBXVariantGroup;
			children = (
				33FAEFB52692F1DD0028B6CF /* Base */,
			);
			name = Main.storyboard;
			sourceTree = "<group>";
		};
		33FAEFB92692F1DF0028B6CF /* LaunchScreen.storyboard */ = {
			isa = PBXVariantGroup;
			children = (
				33FAEFBA2692F1DF0028B6CF /* Base */,
			);
			name = LaunchScreen.storyboard;
			sourceTree = "<group>";
		};
/* End PBXVariantGroup section */

/* Begin XCBuildConfiguration section */
		33FAEFBD2692F1DF0028B6CF /* Debug */ = {
			isa = XCBuildConfiguration;
			buildSettings = {
				ALWAYS_SEARCH_USER_PATHS = NO;
				CLANG_ANALYZER_NONNULL = YES;
				CLANG_ANALYZER_NUMBER_OBJECT_CONVERSION = YES_AGGRESSIVE;
				CLANG_CXX_LANGUAGE_STANDARD = "gnu++14";
				CLANG_CXX_LIBRARY = "libc++";
				CLANG_ENABLE_MODULES = YES;
				CLANG_ENABLE_OBJC_ARC = YES;
				CLANG_ENABLE_OBJC_WEAK = YES;
				CLANG_WARN_BLOCK_CAPTURE_AUTORELEASING = YES;
				CLANG_WARN_BOOL_CONVERSION = YES;
				CLANG_WARN_COMMA = YES;
				CLANG_WARN_CONSTANT_CONVERSION = YES;
				CLANG_WARN_DEPRECATED_OBJC_IMPLEMENTATIONS = YES;
				CLANG_WARN_DIRECT_OBJC_ISA_USAGE = YES_ERROR;
				CLANG_WARN_DOCUMENTATION_COMMENTS = YES;
				CLANG_WARN_EMPTY_BODY = YES;
				CLANG_WARN_ENUM_CONVERSION = YES;
				CLANG_WARN_INFINITE_RECURSION = YES;
				CLANG_WARN_INT_CONVERSION = YES;
				CLANG_WARN_NON_LITERAL_NULL_CONVERSION = YES;
				CLANG_WARN_OBJC_IMPLICIT_RETAIN_SELF = YES;
				CLANG_WARN_OBJC_LITERAL_CONVERSION = YES;
				CLANG_WARN_OBJC_ROOT_CLASS = YES_ERROR;
				CLANG_WARN_QUOTED_INCLUDE_IN_FRAMEWORK_HEADER = YES;
				CLANG_WARN_RANGE_LOOP_ANALYSIS = YES;
				CLANG_WARN_STRICT_PROTOTYPES = YES;
				CLANG_WARN_SUSPICIOUS_MOVE = YES;
				CLANG_WARN_UNGUARDED_AVAILABILITY = YES_AGGRESSIVE;
				CLANG_WARN_UNREACHABLE_CODE = YES;
				CLANG_WARN__DUPLICATE_METHOD_MATCH = YES;
				COPY_PHASE_STRIP = NO;
				DEBUG_INFORMATION_FORMAT = dwarf;
				ENABLE_STRICT_OBJC_MSGSEND = YES;
				ENABLE_TESTABILITY = YES;
				GCC_C_LANGUAGE_STANDARD = gnu11;
				GCC_DYNAMIC_NO_PIC = NO;
				GCC_NO_COMMON_BLOCKS = YES;
				GCC_OPTIMIZATION_LEVEL = 0;
				GCC_PREPROCESSOR_DEFINITIONS = (
					"DEBUG=1",
					"$(inherited)",
				);
				GCC_WARN_64_TO_32_BIT_CONVERSION = YES;
				GCC_WARN_ABOUT_RETURN_TYPE = YES_ERROR;
				GCC_WARN_UNDECLARED_SELECTOR = YES;
				GCC_WARN_UNINITIALIZED_AUTOS = YES_AGGRESSIVE;
				GCC_WARN_UNUSED_FUNCTION = YES;
				GCC_WARN_UNUSED_VARIABLE = YES;
				IPHONEOS_DEPLOYMENT_TARGET = 14.5;
				MTL_ENABLE_DEBUG_INFO = INCLUDE_SOURCE;
				MTL_FAST_MATH = YES;
				ONLY_ACTIVE_ARCH = YES;
				SDKROOT = iphoneos;
				SWIFT_ACTIVE_COMPILATION_CONDITIONS = DEBUG;
				SWIFT_OPTIMIZATION_LEVEL = "-Onone";
			};
			name = Debug;
		};
		33FAEFBE2692F1DF0028B6CF /* Release */ = {
			isa = XCBuildConfiguration;
			buildSettings = {
				ALWAYS_SEARCH_USER_PATHS = NO;
				CLANG_ANALYZER_NONNULL = YES;
				CLANG_ANALYZER_NUMBER_OBJECT_CONVERSION = YES_AGGRESSIVE;
				CLANG_CXX_LANGUAGE_STANDARD = "gnu++14";
				CLANG_CXX_LIBRARY = "libc++";
				CLANG_ENABLE_MODULES = YES;
				CLANG_ENABLE_OBJC_ARC = YES;
				CLANG_ENABLE_OBJC_WEAK = YES;
				CLANG_WARN_BLOCK_CAPTURE_AUTORELEASING = YES;
				CLANG_WARN_BOOL_CONVERSION = YES;
				CLANG_WARN_COMMA = YES;
				CLANG_WARN_CONSTANT_CONVERSION = YES;
				CLANG_WARN_DEPRECATED_OBJC_IMPLEMENTATIONS = YES;
				CLANG_WARN_DIRECT_OBJC_ISA_USAGE = YES_ERROR;
				CLANG_WARN_DOCUMENTATION_COMMENTS = YES;
				CLANG_WARN_EMPTY_BODY = YES;
				CLANG_WARN_ENUM_CONVERSION = YES;
				CLANG_WARN_INFINITE_RECURSION = YES;
				CLANG_WARN_INT_CONVERSION = YES;
				CLANG_WARN_NON_LITERAL_NULL_CONVERSION = YES;
				CLANG_WARN_OBJC_IMPLICIT_RETAIN_SELF = YES;
				CLANG_WARN_OBJC_LITERAL_CONVERSION = YES;
				CLANG_WARN_OBJC_ROOT_CLASS = YES_ERROR;
				CLANG_WARN_QUOTED_INCLUDE_IN_FRAMEWORK_HEADER = YES;
				CLANG_WARN_RANGE_LOOP_ANALYSIS = YES;
				CLANG_WARN_STRICT_PROTOTYPES = YES;
				CLANG_WARN_SUSPICIOUS_MOVE = YES;
				CLANG_WARN_UNGUARDED_AVAILABILITY = YES_AGGRESSIVE;
				CLANG_WARN_UNREACHABLE_CODE = YES;
				CLANG_WARN__DUPLICATE_METHOD_MATCH = YES;
				COPY_PHASE_STRIP = NO;
				DEBUG_INFORMATION_FORMAT = "dwarf-with-dsym";
				ENABLE_NS_ASSERTIONS = NO;
				ENABLE_STRICT_OBJC_MSGSEND = YES;
				GCC_C_LANGUAGE_STANDARD = gnu11;
				GCC_NO_COMMON_BLOCKS = YES;
				GCC_WARN_64_TO_32_BIT_CONVERSION = YES;
				GCC_WARN_ABOUT_RETURN_TYPE = YES_ERROR;
				GCC_WARN_UNDECLARED_SELECTOR = YES;
				GCC_WARN_UNINITIALIZED_AUTOS = YES_AGGRESSIVE;
				GCC_WARN_UNUSED_FUNCTION = YES;
				GCC_WARN_UNUSED_VARIABLE = YES;
				IPHONEOS_DEPLOYMENT_TARGET = 14.5;
				MTL_ENABLE_DEBUG_INFO = NO;
				MTL_FAST_MATH = YES;
				SDKROOT = iphoneos;
				SWIFT_COMPILATION_MODE = wholemodule;
				SWIFT_OPTIMIZATION_LEVEL = "-O";
				VALIDATE_PRODUCT = YES;
			};
			name = Release;
		};
		33FAEFC02692F1DF0028B6CF /* Debug */ = {
			isa = XCBuildConfiguration;
			buildSettings = {
				ASSETCATALOG_COMPILER_APPICON_NAME = AppIcon;
				ASSETCATALOG_COMPILER_GLOBAL_ACCENT_COLOR_NAME = AccentColor;
				CODE_SIGN_STYLE = Automatic;
				DEVELOPMENT_TEAM = 529S3B4J44;
				INFOPLIST_FILE = 17_DrawGraphicsPractice/Info.plist;
				LD_RUNPATH_SEARCH_PATHS = (
					"$(inherited)",
					"@executable_path/Frameworks",
				);
				PRODUCT_BUNDLE_IDENTIFIER = "com.contea95.-7-DrawGraphicsPractice";
				PRODUCT_NAME = "$(TARGET_NAME)";
				SWIFT_VERSION = 5.0;
				TARGETED_DEVICE_FAMILY = "1,2";
			};
			name = Debug;
		};
		33FAEFC12692F1DF0028B6CF /* Release */ = {
			isa = XCBuildConfiguration;
			buildSettings = {
				ASSETCATALOG_COMPILER_APPICON_NAME = AppIcon;
				ASSETCATALOG_COMPILER_GLOBAL_ACCENT_COLOR_NAME = AccentColor;
				CODE_SIGN_STYLE = Automatic;
				DEVELOPMENT_TEAM = 529S3B4J44;
				INFOPLIST_FILE = 17_DrawGraphicsPractice/Info.plist;
				LD_RUNPATH_SEARCH_PATHS = (
					"$(inherited)",
					"@executable_path/Frameworks",
				);
				PRODUCT_BUNDLE_IDENTIFIER = "com.contea95.-7-DrawGraphicsPractice";
				PRODUCT_NAME = "$(TARGET_NAME)";
				SWIFT_VERSION = 5.0;
				TARGETED_DEVICE_FAMILY = "1,2";
			};
			name = Release;
		};
/* End XCBuildConfiguration section */

/* Begin XCConfigurationList section */
		33FAEFA62692F1DD0028B6CF /* Build configuration list for PBXProject "17_DrawGraphicsPractice" */ = {
			isa = XCConfigurationList;
			buildConfigurations = (
				33FAEFBD2692F1DF0028B6CF /* Debug */,
				33FAEFBE2692F1DF0028B6CF /* Release */,
			);
			defaultConfigurationIsVisible = 0;
			defaultConfigurationName = Release;
		};
		33FAEFBF2692F1DF0028B6CF /* Build configuration list for PBXNativeTarget "17_DrawGraphicsPractice" */ = {
			isa = XCConfigurationList;
			buildConfigurations = (
				33FAEFC02692F1DF0028B6CF /* Debug */,
				33FAEFC12692F1DF0028B6CF /* Release */,
			);
			defaultConfigurationIsVisible = 0;
			defaultConfigurationName = Release;
		};
/* End XCConfigurationList section */
	};
	rootObject = 33FAEFA32692F1DD0028B6CF /* Project object */;
}
