// !$*UTF8*$!
{
	archiveVersion = 1;
	classes = {
	};
	objectVersion = 50;
	objects = {

/* Begin PBXBuildFile section */
		33C7DE972682E89800EE361B /* AppDelegate.swift in Sources */ = {isa = PBXBuildFile; fileRef = 33C7DE962682E89700EE361B /* AppDelegate.swift */; };
		33C7DE992682E89800EE361B /* SceneDelegate.swift in Sources */ = {isa = PBXBuildFile; fileRef = 33C7DE982682E89800EE361B /* SceneDelegate.swift */; };
		33C7DE9B2682E89800EE361B /* ViewController.swift in Sources */ = {isa = PBXBuildFile; fileRef = 33C7DE9A2682E89800EE361B /* ViewController.swift */; };
		33C7DE9E2682E89800EE361B /* Main.storyboard in Resources */ = {isa = PBXBuildFile; fileRef = 33C7DE9C2682E89800EE361B /* Main.storyboard */; };
		33C7DEA02682E89900EE361B /* Assets.xcassets in Resources */ = {isa = PBXBuildFile; fileRef = 33C7DE9F2682E89900EE361B /* Assets.xcassets */; };
		33C7DEA32682E89900EE361B /* LaunchScreen.storyboard in Resources */ = {isa = PBXBuildFile; fileRef = 33C7DEA12682E89900EE361B /* LaunchScreen.storyboard */; };
		33C7DEAB2683082900EE361B /* htmlView.html in Resources */ = {isa = PBXBuildFile; fileRef = 33C7DEAA2683082900EE361B /* htmlView.html */; };
/* End PBXBuildFile section */

/* Begin PBXFileReference section */
		33C7DE932682E89700EE361B /* 07_WebView.app */ = {isa = PBXFileReference; explicitFileType = wrapper.application; includeInIndex = 0; path = 07_WebView.app; sourceTree = BUILT_PRODUCTS_DIR; };
		33C7DE962682E89700EE361B /* AppDelegate.swift */ = {isa = PBXFileReference; lastKnownFileType = sourcecode.swift; path = AppDelegate.swift; sourceTree = "<group>"; };
		33C7DE982682E89800EE361B /* SceneDelegate.swift */ = {isa = PBXFileReference; lastKnownFileType = sourcecode.swift; path = SceneDelegate.swift; sourceTree = "<group>"; };
		33C7DE9A2682E89800EE361B /* ViewController.swift */ = {isa = PBXFileReference; lastKnownFileType = sourcecode.swift; path = ViewController.swift; sourceTree = "<group>"; };
		33C7DE9D2682E89800EE361B /* Base */ = {isa = PBXFileReference; lastKnownFileType = file.storyboard; name = Base; path = Base.lproj/Main.storyboard; sourceTree = "<group>"; };
		33C7DE9F2682E89900EE361B /* Assets.xcassets */ = {isa = PBXFileReference; lastKnownFileType = folder.assetcatalog; path = Assets.xcassets; sourceTree = "<group>"; };
		33C7DEA22682E89900EE361B /* Base */ = {isa = PBXFileReference; lastKnownFileType = file.storyboard; name = Base; path = Base.lproj/LaunchScreen.storyboard; sourceTree = "<group>"; };
		33C7DEA42682E89900EE361B /* Info.plist */ = {isa = PBXFileReference; lastKnownFileType = text.plist.xml; path = Info.plist; sourceTree = "<group>"; };
		33C7DEAA2683082900EE361B /* htmlView.html */ = {isa = PBXFileReference; lastKnownFileType = text.html; path = htmlView.html; sourceTree = "<group>"; };
/* End PBXFileReference section */

/* Begin PBXFrameworksBuildPhase section */
		33C7DE902682E89700EE361B /* Frameworks */ = {
			isa = PBXFrameworksBuildPhase;
			buildActionMask = 2147483647;
			files = (
			);
			runOnlyForDeploymentPostprocessing = 0;
		};
/* End PBXFrameworksBuildPhase section */

/* Begin PBXGroup section */
		33C7DE8A2682E89700EE361B = {
			isa = PBXGroup;
			children = (
				33C7DE952682E89700EE361B /* 07_WebView */,
				33C7DE942682E89700EE361B /* Products */,
			);
			sourceTree = "<group>";
		};
		33C7DE942682E89700EE361B /* Products */ = {
			isa = PBXGroup;
			children = (
				33C7DE932682E89700EE361B /* 07_WebView.app */,
			);
			name = Products;
			sourceTree = "<group>";
		};
		33C7DE952682E89700EE361B /* 07_WebView */ = {
			isa = PBXGroup;
			children = (
				33C7DE962682E89700EE361B /* AppDelegate.swift */,
				33C7DE982682E89800EE361B /* SceneDelegate.swift */,
				33C7DE9A2682E89800EE361B /* ViewController.swift */,
				33C7DEAA2683082900EE361B /* htmlView.html */,
				33C7DE9C2682E89800EE361B /* Main.storyboard */,
				33C7DE9F2682E89900EE361B /* Assets.xcassets */,
				33C7DEA12682E89900EE361B /* LaunchScreen.storyboard */,
				33C7DEA42682E89900EE361B /* Info.plist */,
			);
			path = 07_WebView;
			sourceTree = "<group>";
		};
/* End PBXGroup section */

/* Begin PBXNativeTarget section */
		33C7DE922682E89700EE361B /* 07_WebView */ = {
			isa = PBXNativeTarget;
			buildConfigurationList = 33C7DEA72682E89900EE361B /* Build configuration list for PBXNativeTarget "07_WebView" */;
			buildPhases = (
				33C7DE8F2682E89700EE361B /* Sources */,
				33C7DE902682E89700EE361B /* Frameworks */,
				33C7DE912682E89700EE361B /* Resources */,
			);
			buildRules = (
			);
			dependencies = (
			);
			name = 07_WebView;
			productName = 07_WebView;
			productReference = 33C7DE932682E89700EE361B /* 07_WebView.app */;
			productType = "com.apple.product-type.application";
		};
/* End PBXNativeTarget section */

/* Begin PBXProject section */
		33C7DE8B2682E89700EE361B /* Project object */ = {
			isa = PBXProject;
			attributes = {
				LastSwiftUpdateCheck = 1250;
				LastUpgradeCheck = 1250;
				TargetAttributes = {
					33C7DE922682E89700EE361B = {
						CreatedOnToolsVersion = 12.5;
					};
				};
			};
			buildConfigurationList = 33C7DE8E2682E89700EE361B /* Build configuration list for PBXProject "07_WebView" */;
			compatibilityVersion = "Xcode 9.3";
			developmentRegion = en;
			hasScannedForEncodings = 0;
			knownRegions = (
				en,
				Base,
			);
			mainGroup = 33C7DE8A2682E89700EE361B;
			productRefGroup = 33C7DE942682E89700EE361B /* Products */;
			projectDirPath = "";
			projectRoot = "";
			targets = (
				33C7DE922682E89700EE361B /* 07_WebView */,
			);
		};
/* End PBXProject section */

/* Begin PBXResourcesBuildPhase section */
		33C7DE912682E89700EE361B /* Resources */ = {
			isa = PBXResourcesBuildPhase;
			buildActionMask = 2147483647;
			files = (
				33C7DEAB2683082900EE361B /* htmlView.html in Resources */,
				33C7DEA32682E89900EE361B /* LaunchScreen.storyboard in Resources */,
				33C7DEA02682E89900EE361B /* Assets.xcassets in Resources */,
				33C7DE9E2682E89800EE361B /* Main.storyboard in Resources */,
			);
			runOnlyForDeploymentPostprocessing = 0;
		};
/* End PBXResourcesBuildPhase section */

/* Begin PBXSourcesBuildPhase section */
		33C7DE8F2682E89700EE361B /* Sources */ = {
			isa = PBXSourcesBuildPhase;
			buildActionMask = 2147483647;
			files = (
				33C7DE9B2682E89800EE361B /* ViewController.swift in Sources */,
				33C7DE972682E89800EE361B /* AppDelegate.swift in Sources */,
				33C7DE992682E89800EE361B /* SceneDelegate.swift in Sources */,
			);
			runOnlyForDeploymentPostprocessing = 0;
		};
/* End PBXSourcesBuildPhase section */

/* Begin PBXVariantGroup section */
		33C7DE9C2682E89800EE361B /* Main.storyboard */ = {
			isa = PBXVariantGroup;
			children = (
				33C7DE9D2682E89800EE361B /* Base */,
			);
			name = Main.storyboard;
			sourceTree = "<group>";
		};
		33C7DEA12682E89900EE361B /* LaunchScreen.storyboard */ = {
			isa = PBXVariantGroup;
			children = (
				33C7DEA22682E89900EE361B /* Base */,
			);
			name = LaunchScreen.storyboard;
			sourceTree = "<group>";
		};
/* End PBXVariantGroup section */

/* Begin XCBuildConfiguration section */
		33C7DEA52682E89900EE361B /* Debug */ = {
			isa = XCBuildConfiguration;
			buildSettings = {
				ALWAYS_SEARCH_USER_PATHS = NO;
				CLANG_ANALYZER_NONNULL = YES;
				CLANG_ANALYZER_NUMBER_OBJECT_CONVERSION = YES_AGGRESSIVE;
				CLANG_CXX_LANGUAGE_STANDARD = "gnu++14";
				CLANG_CXX_LIBRARY = "libc++";
				CLANG_ENABLE_MODULES = YES;
				CLANG_ENABLE_OBJC_ARC = YES;
				CLANG_ENABLE_OBJC_WEAK = YES;
				CLANG_WARN_BLOCK_CAPTURE_AUTORELEASING = YES;
				CLANG_WARN_BOOL_CONVERSION = YES;
				CLANG_WARN_COMMA = YES;
				CLANG_WARN_CONSTANT_CONVERSION = YES;
				CLANG_WARN_DEPRECATED_OBJC_IMPLEMENTATIONS = YES;
				CLANG_WARN_DIRECT_OBJC_ISA_USAGE = YES_ERROR;
				CLANG_WARN_DOCUMENTATION_COMMENTS = YES;
				CLANG_WARN_EMPTY_BODY = YES;
				CLANG_WARN_ENUM_CONVERSION = YES;
				CLANG_WARN_INFINITE_RECURSION = YES;
				CLANG_WARN_INT_CONVERSION = YES;
				CLANG_WARN_NON_LITERAL_NULL_CONVERSION = YES;
				CLANG_WARN_OBJC_IMPLICIT_RETAIN_SELF = YES;
				CLANG_WARN_OBJC_LITERAL_CONVERSION = YES;
				CLANG_WARN_OBJC_ROOT_CLASS = YES_ERROR;
				CLANG_WARN_QUOTED_INCLUDE_IN_FRAMEWORK_HEADER = YES;
				CLANG_WARN_RANGE_LOOP_ANALYSIS = YES;
				CLANG_WARN_STRICT_PROTOTYPES = YES;
				CLANG_WARN_SUSPICIOUS_MOVE = YES;
				CLANG_WARN_UNGUARDED_AVAILABILITY = YES_AGGRESSIVE;
				CLANG_WARN_UNREACHABLE_CODE = YES;
				CLANG_WARN__DUPLICATE_METHOD_MATCH = YES;
				COPY_PHASE_STRIP = NO;
				DEBUG_INFORMATION_FORMAT = dwarf;
				ENABLE_STRICT_OBJC_MSGSEND = YES;
				ENABLE_TESTABILITY = YES;
				GCC_C_LANGUAGE_STANDARD = gnu11;
				GCC_DYNAMIC_NO_PIC = NO;
				GCC_NO_COMMON_BLOCKS = YES;
				GCC_OPTIMIZATION_LEVEL = 0;
				GCC_PREPROCESSOR_DEFINITIONS = (
					"DEBUG=1",
					"$(inherited)",
				);
				GCC_WARN_64_TO_32_BIT_CONVERSION = YES;
				GCC_WARN_ABOUT_RETURN_TYPE = YES_ERROR;
				GCC_WARN_UNDECLARED_SELECTOR = YES;
				GCC_WARN_UNINITIALIZED_AUTOS = YES_AGGRESSIVE;
				GCC_WARN_UNUSED_FUNCTION = YES;
				GCC_WARN_UNUSED_VARIABLE = YES;
				IPHONEOS_DEPLOYMENT_TARGET = 14.5;
				MTL_ENABLE_DEBUG_INFO = INCLUDE_SOURCE;
				MTL_FAST_MATH = YES;
				ONLY_ACTIVE_ARCH = YES;
				SDKROOT = iphoneos;
				SWIFT_ACTIVE_COMPILATION_CONDITIONS = DEBUG;
				SWIFT_OPTIMIZATION_LEVEL = "-Onone";
			};
			name = Debug;
		};
		33C7DEA62682E89900EE361B /* Release */ = {
			isa = XCBuildConfiguration;
			buildSettings = {
				ALWAYS_SEARCH_USER_PATHS = NO;
				CLANG_ANALYZER_NONNULL = YES;
				CLANG_ANALYZER_NUMBER_OBJECT_CONVERSION = YES_AGGRESSIVE;
				CLANG_CXX_LANGUAGE_STANDARD = "gnu++14";
				CLANG_CXX_LIBRARY = "libc++";
				CLANG_ENABLE_MODULES = YES;
				CLANG_ENABLE_OBJC_ARC = YES;
				CLANG_ENABLE_OBJC_WEAK = YES;
				CLANG_WARN_BLOCK_CAPTURE_AUTORELEASING = YES;
				CLANG_WARN_BOOL_CONVERSION = YES;
				CLANG_WARN_COMMA = YES;
				CLANG_WARN_CONSTANT_CONVERSION = YES;
				CLANG_WARN_DEPRECATED_OBJC_IMPLEMENTATIONS = YES;
				CLANG_WARN_DIRECT_OBJC_ISA_USAGE = YES_ERROR;
				CLANG_WARN_DOCUMENTATION_COMMENTS = YES;
				CLANG_WARN_EMPTY_BODY = YES;
				CLANG_WARN_ENUM_CONVERSION = YES;
				CLANG_WARN_INFINITE_RECURSION = YES;
				CLANG_WARN_INT_CONVERSION = YES;
				CLANG_WARN_NON_LITERAL_NULL_CONVERSION = YES;
				CLANG_WARN_OBJC_IMPLICIT_RETAIN_SELF = YES;
				CLANG_WARN_OBJC_LITERAL_CONVERSION = YES;
				CLANG_WARN_OBJC_ROOT_CLASS = YES_ERROR;
				CLANG_WARN_QUOTED_INCLUDE_IN_FRAMEWORK_HEADER = YES;
				CLANG_WARN_RANGE_LOOP_ANALYSIS = YES;
				CLANG_WARN_STRICT_PROTOTYPES = YES;
				CLANG_WARN_SUSPICIOUS_MOVE = YES;
				CLANG_WARN_UNGUARDED_AVAILABILITY = YES_AGGRESSIVE;
				CLANG_WARN_UNREACHABLE_CODE = YES;
				CLANG_WARN__DUPLICATE_METHOD_MATCH = YES;
				COPY_PHASE_STRIP = NO;
				DEBUG_INFORMATION_FORMAT = "dwarf-with-dsym";
				ENABLE_NS_ASSERTIONS = NO;
				ENABLE_STRICT_OBJC_MSGSEND = YES;
				GCC_C_LANGUAGE_STANDARD = gnu11;
				GCC_NO_COMMON_BLOCKS = YES;
				GCC_WARN_64_TO_32_BIT_CONVERSION = YES;
				GCC_WARN_ABOUT_RETURN_TYPE = YES_ERROR;
				GCC_WARN_UNDECLARED_SELECTOR = YES;
				GCC_WARN_UNINITIALIZED_AUTOS = YES_AGGRESSIVE;
				GCC_WARN_UNUSED_FUNCTION = YES;
				GCC_WARN_UNUSED_VARIABLE = YES;
				IPHONEOS_DEPLOYMENT_TARGET = 14.5;
				MTL_ENABLE_DEBUG_INFO = NO;
				MTL_FAST_MATH = YES;
				SDKROOT = iphoneos;
				SWIFT_COMPILATION_MODE = wholemodule;
				SWIFT_OPTIMIZATION_LEVEL = "-O";
				VALIDATE_PRODUCT = YES;
			};
			name = Release;
		};
		33C7DEA82682E89900EE361B /* Debug */ = {
			isa = XCBuildConfiguration;
			buildSettings = {
				ASSETCATALOG_COMPILER_APPICON_NAME = AppIcon;
				ASSETCATALOG_COMPILER_GLOBAL_ACCENT_COLOR_NAME = AccentColor;
				CODE_SIGN_STYLE = Automatic;
				DEVELOPMENT_TEAM = 529S3B4J44;
				INFOPLIST_FILE = 07_WebView/Info.plist;
				LD_RUNPATH_SEARCH_PATHS = (
					"$(inherited)",
					"@executable_path/Frameworks",
				);
				PRODUCT_BUNDLE_IDENTIFIER = "com.contea95.-7-WebView";
				PRODUCT_NAME = "$(TARGET_NAME)";
				SWIFT_VERSION = 5.0;
				TARGETED_DEVICE_FAMILY = "1,2";
			};
			name = Debug;
		};
		33C7DEA92682E89900EE361B /* Release */ = {
			isa = XCBuildConfiguration;
			buildSettings = {
				ASSETCATALOG_COMPILER_APPICON_NAME = AppIcon;
				ASSETCATALOG_COMPILER_GLOBAL_ACCENT_COLOR_NAME = AccentColor;
				CODE_SIGN_STYLE = Automatic;
				DEVELOPMENT_TEAM = 529S3B4J44;
				INFOPLIST_FILE = 07_WebView/Info.plist;
				LD_RUNPATH_SEARCH_PATHS = (
					"$(inherited)",
					"@executable_path/Frameworks",
				);
				PRODUCT_BUNDLE_IDENTIFIER = "com.contea95.-7-WebView";
				PRODUCT_NAME = "$(TARGET_NAME)";
				SWIFT_VERSION = 5.0;
				TARGETED_DEVICE_FAMILY = "1,2";
			};
			name = Release;
		};
/* End XCBuildConfiguration section */

/* Begin XCConfigurationList section */
		33C7DE8E2682E89700EE361B /* Build configuration list for PBXProject "07_WebView" */ = {
			isa = XCConfigurationList;
			buildConfigurations = (
				33C7DEA52682E89900EE361B /* Debug */,
				33C7DEA62682E89900EE361B /* Release */,
			);
			defaultConfigurationIsVisible = 0;
			defaultConfigurationName = Release;
		};
		33C7DEA72682E89900EE361B /* Build configuration list for PBXNativeTarget "07_WebView" */ = {
			isa = XCConfigurationList;
			buildConfigurations = (
				33C7DEA82682E89900EE361B /* Debug */,
				33C7DEA92682E89900EE361B /* Release */,
			);
			defaultConfigurationIsVisible = 0;
			defaultConfigurationName = Release;
		};
/* End XCConfigurationList section */
	};
	rootObject = 33C7DE8B2682E89700EE361B /* Project object */;
}
